
Microsoft Visual Studio Solution File, Format Version 12.00
# Visual Studio Version 17
VisualStudioVersion = 17.4.33403.182
MinimumVisualStudioVersion = 10.0.40219.1
Project("{FAE04EC0-301F-11D3-BF4B-00C04F79EFBC}") = "SistemaDeTarefas", "SistemaDeTarefas.csproj", "{D7601966-3981-4A36-A8EE-DC10E893CDDC}"
EndProject
Global
	GlobalSection(SolutionConfigurationPlatforms) = preSolution
		Debug|Any CPU = Debug|Any CPU
		Release|Any CPU = Release|Any CPU
	EndGlobalSection
	GlobalSection(ProjectConfigurationPlatforms) = postSolution
		{D7601966-3981-4A36-A8EE-DC10E893CDDC}.Debug|Any CPU.ActiveCfg = Debug|Any CPU
		{D7601966-3981-4A36-A8EE-DC10E893CDDC}.Debug|Any CPU.Build.0 = Debug|Any CPU
		{D7601966-3981-4A36-A8EE-DC10E893CDDC}.Release|Any CPU.ActiveCfg = Release|Any CPU
		{D7601966-3981-4A36-A8EE-DC10E893CDDC}.Release|Any CPU.Build.0 = Release|Any CPU
	EndGlobalSection
	GlobalSection(SolutionProperties) = preSolution
		HideSolutionNode = FALSE
	EndGlobalSection
	GlobalSection(ExtensibilityGlobals) = postSolution
		SolutionGuid = {B9944502-18AB-46A3-957A-49F4436AED1C}
	EndGlobalSection
EndGlobal
